PODS:
  - JCNotificationBannerPresenter (1.1.0)
  - PulsingHalo (0.0.1)

DEPENDENCIES:
  - JCNotificationBannerPresenter (~> 1.1)
  - PulsingHalo (~> 0.0.1)

SPEC CHECKSUMS:
  JCNotificationBannerPresenter: 7c83d81042f0044dfc570a3f1369ba37abe24447
  PulsingHalo: 4f5fbc25f9efb9f949e4ddad05ca885a11667aa0

COCOAPODS: 0.33.1
